
Microsoft Visual Studio Solution File, Format Version 12.00
# Visual Studio Version 17
VisualStudioVersion = 17.1.32421.90
MinimumVisualStudioVersion = 10.0.40219.1
Project("{FAE04EC0-301F-11D3-BF4B-00C04F79EFBC}") = "exercicio3", "exercicio3.csproj", "{86814C18-C2EB-4AD9-8291-9F6CCA2AFCDF}"
EndProject
Global
	GlobalSection(SolutionConfigurationPlatforms) = preSolution
		Debug|Any CPU = Debug|Any CPU
		Release|Any CPU = Release|Any CPU
	EndGlobalSection
	GlobalSection(ProjectConfigurationPlatforms) = postSolution
		{86814C18-C2EB-4AD9-8291-9F6CCA2AFCDF}.Debug|Any CPU.ActiveCfg = Debug|Any CPU
		{86814C18-C2EB-4AD9-8291-9F6CCA2AFCDF}.Debug|Any CPU.Build.0 = Debug|Any CPU
		{86814C18-C2EB-4AD9-8291-9F6CCA2AFCDF}.Release|Any CPU.ActiveCfg = Release|Any CPU
		{86814C18-C2EB-4AD9-8291-9F6CCA2AFCDF}.Release|Any CPU.Build.0 = Release|Any CPU
	EndGlobalSection
	GlobalSection(SolutionProperties) = preSolution
		HideSolutionNode = FALSE
	EndGlobalSection
	GlobalSection(ExtensibilityGlobals) = postSolution
		SolutionGuid = {1BB153AE-2CC6-4099-B69B-A0D2A4B2EADC}
	EndGlobalSection
EndGlobal
