
Microsoft Visual Studio Solution File, Format Version 12.00
# Visual Studio Version 17
VisualStudioVersion = 17.1.32421.90
MinimumVisualStudioVersion = 10.0.40219.1
Project("{FAE04EC0-301F-11D3-BF4B-00C04F79EFBC}") = "exercicio4", "exercicio4.csproj", "{A14DED8C-2A81-4D37-A75C-4CA259E8B175}"
EndProject
Global
	GlobalSection(SolutionConfigurationPlatforms) = preSolution
		Debug|Any CPU = Debug|Any CPU
		Release|Any CPU = Release|Any CPU
	EndGlobalSection
	GlobalSection(ProjectConfigurationPlatforms) = postSolution
		{A14DED8C-2A81-4D37-A75C-4CA259E8B175}.Debug|Any CPU.ActiveCfg = Debug|Any CPU
		{A14DED8C-2A81-4D37-A75C-4CA259E8B175}.Debug|Any CPU.Build.0 = Debug|Any CPU
		{A14DED8C-2A81-4D37-A75C-4CA259E8B175}.Release|Any CPU.ActiveCfg = Release|Any CPU
		{A14DED8C-2A81-4D37-A75C-4CA259E8B175}.Release|Any CPU.Build.0 = Release|Any CPU
	EndGlobalSection
	GlobalSection(SolutionProperties) = preSolution
		HideSolutionNode = FALSE
	EndGlobalSection
	GlobalSection(ExtensibilityGlobals) = postSolution
		SolutionGuid = {D6F1050A-0D20-46FB-9160-E4657A8CBAC8}
	EndGlobalSection
EndGlobal
