
Microsoft Visual Studio Solution File, Format Version 12.00
# Visual Studio Version 17
VisualStudioVersion = 17.1.32421.90
MinimumVisualStudioVersion = 10.0.40219.1
Project("{FAE04EC0-301F-11D3-BF4B-00C04F79EFBC}") = "exercicio8", "exercicio8.csproj", "{67657698-A4DC-4C25-AE9D-75A04DEB2979}"
EndProject
Global
	GlobalSection(SolutionConfigurationPlatforms) = preSolution
		Debug|Any CPU = Debug|Any CPU
		Release|Any CPU = Release|Any CPU
	EndGlobalSection
	GlobalSection(ProjectConfigurationPlatforms) = postSolution
		{67657698-A4DC-4C25-AE9D-75A04DEB2979}.Debug|Any CPU.ActiveCfg = Debug|Any CPU
		{67657698-A4DC-4C25-AE9D-75A04DEB2979}.Debug|Any CPU.Build.0 = Debug|Any CPU
		{67657698-A4DC-4C25-AE9D-75A04DEB2979}.Release|Any CPU.ActiveCfg = Release|Any CPU
		{67657698-A4DC-4C25-AE9D-75A04DEB2979}.Release|Any CPU.Build.0 = Release|Any CPU
	EndGlobalSection
	GlobalSection(SolutionProperties) = preSolution
		HideSolutionNode = FALSE
	EndGlobalSection
	GlobalSection(ExtensibilityGlobals) = postSolution
		SolutionGuid = {C1DEB4BE-34D4-44CA-8E0C-44DCE9A1AAB7}
	EndGlobalSection
EndGlobal
